
Microsoft Visual Studio Solution File, Format Version 12.00
Project("{FAE04EC0-301F-11D3-BF4B-00C04F79EFBC}") = "xUnitTest-Calculator", "xUnitTest-Calculator\xUnitTest-Calculator.csproj", "{2D331AE4-3217-4397-BB5E-6FDFEF7477D3}"
EndProject
Project("{FAE04EC0-301F-11D3-BF4B-00C04F79EFBC}") = "Calculator", "Calculator\Calculator.csproj", "{11DB2570-B341-4C1B-93BE-BC924D493F61}"
EndProject
Global
	GlobalSection(SolutionConfigurationPlatforms) = preSolution
		Debug|Any CPU = Debug|Any CPU
		Release|Any CPU = Release|Any CPU
	EndGlobalSection
	GlobalSection(ProjectConfigurationPlatforms) = postSolution
		{2D331AE4-3217-4397-BB5E-6FDFEF7477D3}.Debug|Any CPU.ActiveCfg = Debug|Any CPU
		{2D331AE4-3217-4397-BB5E-6FDFEF7477D3}.Debug|Any CPU.Build.0 = Debug|Any CPU
		{2D331AE4-3217-4397-BB5E-6FDFEF7477D3}.Release|Any CPU.ActiveCfg = Release|Any CPU
		{2D331AE4-3217-4397-BB5E-6FDFEF7477D3}.Release|Any CPU.Build.0 = Release|Any CPU
		{11DB2570-B341-4C1B-93BE-BC924D493F61}.Debug|Any CPU.ActiveCfg = Debug|Any CPU
		{11DB2570-B341-4C1B-93BE-BC924D493F61}.Debug|Any CPU.Build.0 = Debug|Any CPU
		{11DB2570-B341-4C1B-93BE-BC924D493F61}.Release|Any CPU.ActiveCfg = Release|Any CPU
		{11DB2570-B341-4C1B-93BE-BC924D493F61}.Release|Any CPU.Build.0 = Release|Any CPU
	EndGlobalSection
EndGlobal
